{
  "nodes": {
    "astronimy-master": {
      "inputs": {
        "flakeNimbleLib": [
          "flakeNimbleLib"
        ],
        "nixpkgs": [
          "nixpkgs"
        ],
        "src-AstroNimy-master": "src-AstroNimy-master"
      },
      "locked": {
        "dir": "master",
        "lastModified": 1662254348,
        "narHash": "sha256-5FB3Mvs3t/dYLQq7El3SGvEuk45gvespdQzHw4lDGcE=",
        "owner": "nim-nix-pkgs",
        "repo": "astronimy",
        "rev": "216a66bb04073cbab3dad6345de5b63f37387fcd",
        "type": "github"
      },
      "original": {
        "dir": "master",
        "owner": "nim-nix-pkgs",
        "ref": "master",
        "repo": "astronimy",
        "type": "github"
      }
    },
    "flakeNimbleLib": {
      "inputs": {
        "nixpkgs": [
          "nixpkgs"
        ]
      },
      "locked": {
        "lastModified": 1662018438,
        "narHash": "sha256-QtNtU6+LX3Wokxf0zlFwKTFOcn6TeDjKQZ+DA9OYtvM=",
        "owner": "riinr",
        "repo": "nim-flakes-lib",
        "rev": "b1fe8340736e3a85d25c709ac3dfd82a55c03cbf",
        "type": "github"
      },
      "original": {
        "owner": "riinr",
        "ref": "master",
        "repo": "nim-flakes-lib",
        "type": "github"
      }
    },
    "nixpkgs": {
      "locked": {
        "lastModified": 1667110639,
        "narHash": "sha256-4FbPESZ5LbqQxkJJJBAfk/zKgF9h/4kyUwjjpJwYlbc=",
        "owner": "NixOS",
        "repo": "nixpkgs",
        "rev": "f38a1f04d1bec1feb61fd101a0539ae2002a7087",
        "type": "github"
      },
      "original": {
        "id": "nixpkgs",
        "type": "indirect"
      }
    },
    "root": {
      "inputs": {
        "astronimy-master": "astronimy-master",
        "flakeNimbleLib": "flakeNimbleLib",
        "nixpkgs": "nixpkgs"
      }
    },
    "src-AstroNimy-master": {
      "flake": false,
      "locked": {
        "lastModified": 1435799867,
        "narHash": "sha256-BmiO1I1xcFgK4bcf1e6x6Ttcskfj9LQTzUXy0Mwn4vI=",
        "owner": "super-massive-black-holes",
        "repo": "AstroNimy",
        "rev": "1b560bb469cc393ba01eceee232c6569d2759a74",
        "type": "github"
      },
      "original": {
        "owner": "super-massive-black-holes",
        "ref": "refs/heads/master",
        "repo": "AstroNimy",
        "type": "github"
      }
    }
  },
  "root": "root",
  "version": 7
}
